PATH
  remote: .
  specs:
    aia (2.0.0)
      activesupport
      amazing_print
      classifier (~> 2.3)
      clipboard
      faraday
      kbs (~> 0.2)
      lumberjack
      myway_config
      reline
      robot_lab (~> 0.0)
      shellwords
      simple_flow
      trak_flow
      tty-screen
      tty-spinner
      tty-table (~> 0.12)
      word_wrapper

PATH
  remote: /Users/dewayne/sandbox/git_repos/madbomber/kbs/develop
  specs:
    kbs (0.2.0)
      sqlite3 (>= 1.6)

PATH
  remote: /Users/dewayne/sandbox/git_repos/madbomber/robot_lab
  specs:
    robot_lab (0.0.9)
      async (~> 2.0)
      async-http (~> 0.60)
      async-websocket (~> 0.30)
      fastembed
      myway_config (~> 0.1)
      prompt_manager (~> 1.0)
      ruby_llm (~> 1.12)
      ruby_llm-mcp
      ruby_llm-schema
      ruby_llm-semantic_cache
      simple_flow (~> 0.3.0)
      typed_bus
      zeitwerk (~> 2.6)

GEM
  remote: https://rubygems.org/
  specs:
    activesupport (8.1.2)
      base64
      bigdecimal
      concurrent-ruby (~> 1.0, >= 1.3.1)
      connection_pool (>= 2.2.5)
      drb
      i18n (>= 1.6, < 2)
      json
      logger (>= 1.4.2)
      minitest (>= 5.1)
      securerandom (>= 0.3)
      tzinfo (~> 2.0, >= 2.0.5)
      uri (>= 0.13.1)
    addressable (2.8.8)
      public_suffix (>= 2.0.2, < 8.0)
    aigcm (0.3.2)
      ruby_llm
    amazing_print (2.0.0)
    ansi (1.5.0)
    anyway_config (2.8.0)
      ruby-next-core (~> 1.0)
    ast (2.4.3)
    async (2.36.0)
      console (~> 1.29)
      fiber-annotation
      io-event (~> 1.11)
      metrics (~> 0.12)
      traces (~> 0.18)
    async-http (0.94.2)
      async (>= 2.10.2)
      async-pool (~> 0.11)
      io-endpoint (~> 0.14)
      io-stream (~> 0.6)
      metrics (~> 0.12)
      protocol-http (~> 0.58)
      protocol-http1 (~> 0.36)
      protocol-http2 (~> 0.22)
      protocol-url (~> 0.2)
      traces (~> 0.10)
    async-pool (0.11.1)
      async (>= 2.0)
    async-websocket (0.30.0)
      async-http (~> 0.76)
      protocol-http (~> 0.34)
      protocol-rack (~> 0.7)
      protocol-websocket (~> 0.17)
    backports (3.25.3)
    base64 (0.3.0)
    bigdecimal (4.0.1)
    binding_of_caller (2.0.0)
      debug_inspector (>= 1.2.0)
    builder (3.3.0)
    classifier (2.3.2)
      fast-stemmer (~> 1.0)
      matrix
      mutex_m (~> 0.2)
      rake
    clipboard (2.0.0)
    coderay (1.1.3)
    cogger (2.1.0)
      core (~> 3.0)
      logger (~> 1.7)
      refinements (~> 14.0)
      tone (~> 3.0)
      zeitwerk (~> 2.7)
    concurrent-ruby (1.3.6)
    connection_pool (3.0.2)
    console (1.34.3)
      fiber-annotation
      fiber-local (~> 1.1)
      json
    containable (2.1.0)
      concurrent-ruby (~> 1.3)
    core (3.1.0)
    crack (1.0.1)
      bigdecimal
      rexml
    debug_inspector (1.2.0)
    debug_me (1.1.3)
    deep-cover (1.1.0)
      deep-cover-core (= 1.1.0)
      highline
      thor (>= 0.20.3)
      with_progress
    deep-cover-core (1.1.0)
      backports (>= 3.11.0)
      binding_of_caller
      parser (>= 2.5)
      pry
      term-ansicolor
      terminal-table
    docile (1.4.1)
    drb (2.2.3)
    dry-configurable (1.3.0)
      dry-core (~> 1.1)
      zeitwerk (~> 2.6)
    dry-core (1.2.0)
      concurrent-ruby (~> 1.0)
      logger
      zeitwerk (~> 2.6)
    dry-inflector (1.3.1)
    dry-initializer (3.2.0)
    dry-logic (1.6.0)
      bigdecimal
      concurrent-ruby (~> 1.0)
      dry-core (~> 1.1)
      zeitwerk (~> 2.6)
    dry-monads (1.9.0)
      concurrent-ruby (~> 1.0)
      dry-core (~> 1.1)
      zeitwerk (~> 2.6)
    dry-schema (1.15.0)
      concurrent-ruby (~> 1.0)
      dry-configurable (~> 1.0, >= 1.0.1)
      dry-core (~> 1.1)
      dry-initializer (~> 3.2)
      dry-logic (~> 1.6)
      dry-types (~> 1.8)
      zeitwerk (~> 2.6)
    dry-types (1.9.1)
      bigdecimal (>= 3.0)
      concurrent-ruby (~> 1.0)
      dry-core (~> 1.0)
      dry-inflector (~> 1.0)
      dry-logic (~> 1.4)
      zeitwerk (~> 2.6)
    etcher (4.1.0)
      cogger (~> 2.0)
      core (~> 3.0)
      dry-monads (~> 1.9)
      dry-types (~> 1.9)
      refinements (~> 14.0)
      versionaire (~> 15.0)
      zeitwerk (~> 2.7)
    event_stream_parser (1.0.0)
    faraday (2.14.1)
      faraday-net_http (>= 2.0, < 3.5)
      json
      logger
    faraday-multipart (1.2.0)
      multipart-post (~> 2.0)
    faraday-net_http (3.4.2)
      net-http (~> 0.5)
    faraday-retry (2.4.0)
      faraday (~> 2.0)
    fast-mcp (1.6.0)
      addressable (~> 2.8)
      base64
      dry-schema (~> 1.14)
      json (~> 2.0)
      mime-types (~> 3.4)
      rack (>= 2.0, < 4.0)
    fast-stemmer (1.0.2)
    fastembed (1.1.0)
      onnxruntime (~> 0.9)
      tokenizers (~> 0.5)
    ffi (1.17.3-arm64-darwin)
    fiber-annotation (0.2.0)
    fiber-local (1.1.0)
      fiber-storage
    fiber-storage (1.0.1)
    hana (1.3.7)
    hashdiff (1.2.1)
    highline (3.1.2)
      reline
    http-2 (1.1.2)
    httpx (1.7.2)
      http-2 (>= 1.0.0)
    i18n (1.14.8)
      concurrent-ruby (~> 1.0)
    infusible (5.1.0)
      marameters (~> 5.0)
    io-console (0.8.2)
    io-endpoint (0.17.2)
    io-event (1.14.2)
    io-stream (0.11.1)
    json (2.18.1)
    json-schema (5.1.0)
      addressable (~> 2.8)
    json_schemer (2.5.0)
      bigdecimal
      hana (~> 1.3)
      regexp_parser (~> 2.0)
      simpleidn (~> 0.2)
    logger (1.7.0)
    lumberjack (2.0.4)
      logger
    marameters (5.1.0)
      refinements (~> 14.0)
      zeitwerk (~> 2.7)
    marcel (1.1.0)
    matrix (0.4.3)
    method_source (1.1.0)
    metrics (0.15.0)
    mime-types (3.7.0)
      logger
      mime-types-data (~> 3.2025, >= 3.2025.0507)
    mime-types-data (3.2026.0224)
    minitest (6.0.2)
      drb (~> 2.0)
      prism (~> 1.5)
    minitest-reporters (1.7.1)
      ansi
      builder
      minitest (>= 5.0)
      ruby-progressbar
    mize (0.6.1)
    mocha (3.0.2)
      ruby2_keywords (>= 0.0.5)
    multipart-post (2.4.1)
    mutex_m (0.3.0)
    myway_config (0.1.2)
      anyway_config (>= 2.0)
    net-http (0.9.1)
      uri (>= 0.11.1)
    nio4r (2.7.5)
    oj (3.16.15)
      bigdecimal (>= 3.0)
      ostruct (>= 0.2)
    onnxruntime (0.11.0-arm64-darwin)
      ffi
    optparse (0.8.1)
    ostruct (0.6.3)
    parser (3.3.10.2)
      ast (~> 2.4.1)
      racc
    pastel (0.8.0)
      tty-color (~> 0.5)
    prism (1.9.0)
    prompt_manager (1.0.2)
      ostruct
    protocol-hpack (1.5.1)
    protocol-http (0.59.0)
    protocol-http1 (0.37.0)
      protocol-http (~> 0.58)
    protocol-http2 (0.24.0)
      protocol-hpack (~> 1.4)
      protocol-http (~> 0.47)
    protocol-rack (0.21.1)
      io-stream (>= 0.10)
      protocol-http (~> 0.58)
      rack (>= 1.0)
    protocol-url (0.4.0)
    protocol-websocket (0.20.2)
      protocol-http (~> 0.2)
    pry (0.16.0)
      coderay (~> 1.1)
      method_source (~> 1.0)
      reline (>= 0.6.0)
    public_suffix (7.0.2)
    puma (6.6.1)
      nio4r (~> 2.0)
    racc (1.8.1)
    rack (3.2.5)
    rackup (2.3.1)
      rack (>= 3)
    rake (13.3.1)
    readline (0.0.4)
      reline
    refinements (14.2.0)
    regexp_parser (2.11.3)
    reline (0.6.3)
      io-console (~> 0.5)
    rexml (3.4.4)
    ruby-next-core (1.2.0)
    ruby-progressbar (1.13.0)
    ruby2_keywords (0.0.5)
    ruby_llm (1.12.1)
      base64
      event_stream_parser (~> 1)
      faraday (>= 2.0)
      faraday-multipart (>= 1)
      faraday-net_http (>= 1)
      faraday-retry (>= 2.0)
      marcel (~> 1)
      ruby_llm-schema (~> 0)
      zeitwerk (~> 2)
    ruby_llm-mcp (1.0.0)
      httpx (~> 1.4)
      json-schema (~> 5.0)
      json_schemer (~> 2.4)
      ruby_llm (~> 1.9)
      zeitwerk (~> 2)
    ruby_llm-schema (0.3.0)
    ruby_llm-semantic_cache (0.1.0)
      ruby_llm (~> 1.0)
    runcom (13.1.0)
      refinements (~> 14.0)
      xdg (~> 10.0)
      zeitwerk (~> 2.7)
    securerandom (0.4.1)
    sequel (5.101.0)
      bigdecimal
    shellwords (0.2.2)
    simple_flow (0.3.0)
    simplecov (0.22.0)
      docile (~> 1.1)
      simplecov-html (~> 0.11)
      simplecov_json_formatter (~> 0.1)
    simplecov-html (0.13.2)
    simplecov_json_formatter (0.1.4)
    simplecov_lcov_formatter (0.9.0)
      simplecov (>= 0.18)
    simpleidn (0.2.3)
    sod (2.1.0)
      cogger (~> 2.0)
      containable (~> 2.0)
      infusible (~> 5.0)
      optparse (~> 0.8)
      refinements (~> 14.0)
      tone (~> 3.0)
      zeitwerk (~> 2.7)
    spek (5.1.0)
      core (~> 3.0)
      dry-monads (~> 1.9)
      refinements (~> 14.0)
      versionaire (~> 15.0)
      zeitwerk (~> 2.7)
    sqlite3 (2.9.0-arm64-darwin)
    strings (0.2.1)
      strings-ansi (~> 0.2)
      unicode-display_width (>= 1.5, < 3.0)
      unicode_utils (~> 1.4)
    strings-ansi (0.2.0)
    sync (0.5.0)
    term-ansicolor (1.11.3)
      tins (~> 1)
    terminal-table (4.0.0)
      unicode-display_width (>= 1.1.1, < 4)
    thor (1.5.0)
    tins (1.52.0)
      bigdecimal
      mize (~> 0.6)
      readline
      sync
    tocer (20.1.0)
      cogger (~> 2.0)
      containable (~> 2.0)
      core (~> 3.0)
      dry-schema (~> 1.15)
      etcher (~> 4.0)
      infusible (~> 5.0)
      refinements (~> 14.0)
      runcom (~> 13.0)
      sod (~> 2.0)
      spek (~> 5.0)
      zeitwerk (~> 2.7)
    tokenizers (0.6.3-arm64-darwin)
    tone (3.1.0)
      refinements (~> 14.0)
      zeitwerk (~> 2.7)
    traces (0.18.2)
    trak_flow (0.1.3)
      anyway_config (~> 2.0)
      debug_me
      fast-mcp
      oj (~> 3.16)
      pastel (~> 0.8)
      puma (~> 6.0)
      rackup (~> 2.0)
      sequel (~> 5.0)
      sqlite3 (~> 2.0)
      thor (~> 1.3)
      tty-spinner (~> 0.9)
      tty-table (~> 0.12)
    tty-color (0.6.0)
    tty-cursor (0.7.1)
    tty-screen (0.8.2)
    tty-spinner (0.9.3)
      tty-cursor (~> 0.7)
    tty-table (0.12.0)
      pastel (~> 0.8)
      strings (~> 0.2.0)
      tty-screen (~> 0.8)
    typed_bus (0.0.1)
      async (~> 2.0)
    tzinfo (2.0.6)
      concurrent-ruby (~> 1.0)
    unicode-display_width (2.6.0)
    unicode_utils (1.4.0)
    uri (1.1.1)
    versionaire (15.1.0)
      refinements (~> 14.0)
    webmock (3.26.1)
      addressable (>= 2.8.0)
      crack (>= 0.3.2)
      hashdiff (>= 0.4.0, < 2.0.0)
    with_progress (1.0.1)
      ruby-progressbar (~> 1.4)
    word_wrapper (0.5.0)
    xdg (10.1.0)
    zeitwerk (2.7.5)

PLATFORMS
  arm64-darwin-25

DEPENDENCIES
  aia!
  aigcm
  debug_me
  deep-cover
  kbs!
  minitest
  minitest-reporters
  mocha
  rake
  robot_lab!
  simplecov
  simplecov_lcov_formatter
  tocer
  webmock

CHECKSUMS
  activesupport (8.1.2) sha256=88842578ccd0d40f658289b0e8c842acfe9af751afee2e0744a7873f50b6fdae
  addressable (2.8.8) sha256=7c13b8f9536cf6364c03b9d417c19986019e28f7c00ac8132da4eb0fe393b057
  aia (2.0.0)
  aigcm (0.3.2) sha256=eda5055a4bc1dd021f860b08134bf122f9df2e283da5be6719d1dde98a23428a
  amazing_print (2.0.0) sha256=2e36aba46ac78d37ed27ca0e2056afe3583183bb5c64f157c246b267355e5d6a
  ansi (1.5.0) sha256=5408253274e33d9d27d4a98c46d2998266fd51cba58a7eb9d08f50e57ed23592
  anyway_config (2.8.0) sha256=f6797a7231f81202dcd3d0c07284e836e45713e761d320180348b13a5c7c9306
  ast (2.4.3) sha256=954615157c1d6a382bc27d690d973195e79db7f55e9765ac7c481c60bdb4d383
  async (2.36.0) sha256=090623f4c65706664355c9efa6c7bfb86771a513e65cd681c51cb27747530550
  async-http (0.94.2) sha256=c5ca94b337976578904a373833abe5b8dfb466a2946af75c4ae38c409c5c78b2
  async-pool (0.11.1) sha256=98e1583e199a75f7dc70f8e65fc8d0d3b28636c3f256595d43e206642ad8fbda
  async-websocket (0.30.0) sha256=55739954528ad8f87f7792d0452e1268d1ef2aa5b3719f79400a05a1a6202cdf
  backports (3.25.3) sha256=94298d32dc3c40ca15633b54e282780b49e2db0c045f602ea1907e4f63a17235
  base64 (0.3.0) sha256=27337aeabad6ffae05c265c450490628ef3ebd4b67be58257393227588f5a97b
  bigdecimal (4.0.1) sha256=8b07d3d065a9f921c80ceaea7c9d4ae596697295b584c296fe599dd0ad01c4a7
  binding_of_caller (2.0.0) sha256=e53eebf8428a85587aede7b43a83e7419eb85b8b690938a96aa330d03052d517
  builder (3.3.0) sha256=497918d2f9dca528fdca4b88d84e4ef4387256d984b8154e9d5d3fe5a9c8835f
  classifier (2.3.2) sha256=f94c28e5d129a54939e6f828f18f8579a94dcf18b006df44e5790c9f15185620
  clipboard (2.0.0) sha256=88d048fd2097506451c382d3ecf3acd9cdf24f581d8119437e55c1efc04e01c8
  coderay (1.1.3) sha256=dc530018a4684512f8f38143cd2a096c9f02a1fc2459edcfe534787a7fc77d4b
  cogger (2.1.0) sha256=8fa3cf964856dca5d0175aa5e9e1f64ededad917700bb29efc5e7471c33902ef
  concurrent-ruby (1.3.6) sha256=6b56837e1e7e5292f9864f34b69c5a2cbc75c0cf5338f1ce9903d10fa762d5ab
  connection_pool (3.0.2) sha256=33fff5ba71a12d2aa26cb72b1db8bba2a1a01823559fb01d29eb74c286e62e0a
  console (1.34.3) sha256=869fbd74697efc4c606f102d2812b0b008e4e7fd738a91c591e8577140ec0dcc
  containable (2.1.0) sha256=2430f95f00a15282551e2131f5ee56d36df9cfaded712290ad8c579f2179f916
  core (3.1.0) sha256=1a59b8a5dea5af46ab9ff0aeb464c17d2c671ecf93c6d2ec276a3016ca6cac4b
  crack (1.0.1) sha256=ff4a10390cd31d66440b7524eb1841874db86201d5b70032028553130b6d4c7e
  debug_inspector (1.2.0) sha256=9bdfa02eebc3da163833e6a89b154084232f5766087e59573b70521c77ea68a2
  debug_me (1.1.3) sha256=ae8cf61993350d9b3cbe337a7f9a0f595be5b4976c10891a4e1eacc63d09f717
  deep-cover (1.1.0) sha256=bada62fe8c7b4bca998178ee1986f02503b93ff98f5d98851f10713b5c48ee9f
  deep-cover-core (1.1.0) sha256=4e3f4eab54bd35359f0bd8f3196f27705d2173c38e31e4e1afd431146c15b3d0
  docile (1.4.1) sha256=96159be799bfa73cdb721b840e9802126e4e03dfc26863db73647204c727f21e
  drb (2.2.3) sha256=0b00d6fdb50995fe4a45dea13663493c841112e4068656854646f418fda13373
  dry-configurable (1.3.0) sha256=882d862858567fc1210d2549d4c090f34370fc1bb7c5c1933de3fe792e18afa8
  dry-core (1.2.0) sha256=0cc5a7da88df397f153947eeeae42e876e999c1e30900f3c536fb173854e96a1
  dry-inflector (1.3.1) sha256=7fb0c2bb04f67638f25c52e7ba39ab435d922a3a5c3cd196120f63accb682dcc
  dry-initializer (3.2.0) sha256=37d59798f912dc0a1efe14a4db4a9306989007b302dcd5f25d0a2a20c166c4e3
  dry-logic (1.6.0) sha256=da6fedbc0f90fc41f9b0cc7e6f05f5d529d1efaef6c8dcc8e0733f685745cea2
  dry-monads (1.9.0) sha256=9348a67b5c862c7a876342dbd94737fdf3fb3c17978382cf6801a85b27215816
  dry-schema (1.15.0) sha256=0f2a34adba4206bd6d46ec1b6b7691b402e198eecaff1d8349a7d48a77d82cd2
  dry-types (1.9.1) sha256=baebeecdb9f8395d6c9d227b62011279440943e3ef2468fe8ccc1ba11467f178
  etcher (4.1.0) sha256=cdac3e890c188f1b13200d28d46fc021c7d870060a272e17ef31086efcb3782a
  event_stream_parser (1.0.0) sha256=a2683bab70126286f8184dc88f7968ffc4028f813161fb073ec90d171f7de3c8
  faraday (2.14.1) sha256=a43cceedc1e39d188f4d2cdd360a8aaa6a11da0c407052e426ba8d3fb42ef61c
  faraday-multipart (1.2.0) sha256=7d89a949693714176f612323ca13746a2ded204031a6ba528adee788694ef757
  faraday-net_http (3.4.2) sha256=f147758260d3526939bf57ecf911682f94926a3666502e24c69992765875906c
  faraday-retry (2.4.0) sha256=7b79c48fb7e56526faf247b12d94a680071ff40c9fda7cf1ec1549439ad11ebe
  fast-mcp (1.6.0) sha256=d68abb45d2daab9e7ae2934417460e4bf9ac87493c585dc5bb626f1afb7d12c4
  fast-stemmer (1.0.2) sha256=d0aa9fd9cfbca836a09d8abb122552ac8234130271a3b0da1cb077323d650819
  fastembed (1.1.0) sha256=0b59cd93cc6879bed599585404d3230103002b9fb966f1dfe0cc94c334ad168c
  ffi (1.17.3-arm64-darwin) sha256=0c690555d4cee17a7f07c04d59df39b2fba74ec440b19da1f685c6579bb0717f
  fiber-annotation (0.2.0) sha256=7abfadf1d119f508867d4103bf231c0354d019cc39a5738945dec2edadaf6c03
  fiber-local (1.1.0) sha256=c885f94f210fb9b05737de65d511136ea602e00c5105953748aa0f8793489f06
  fiber-storage (1.0.1) sha256=f48e5b6d8b0be96dac486332b55cee82240057065dc761c1ea692b2e719240e1
  hana (1.3.7) sha256=5425db42d651fea08859811c29d20446f16af196308162894db208cac5ce9b0d
  hashdiff (1.2.1) sha256=9c079dbc513dfc8833ab59c0c2d8f230fa28499cc5efb4b8dd276cf931457cd1
  highline (3.1.2) sha256=67cbd34d19f6ef11a7ee1d82ffab5d36dfd5b3be861f450fc1716c7125f4bb4a
  http-2 (1.1.2) sha256=8c1cb40203fc60b521c491509fee96c7b08092975eb30036465992433715ed40
  httpx (1.7.2) sha256=10cdcd5b03794de743bec87e8cdba2ca93e2124084b6cdb1ad01b00c192a51f7
  i18n (1.14.8) sha256=285778639134865c5e0f6269e0b818256017e8cde89993fdfcbfb64d088824a5
  infusible (5.1.0) sha256=1ff82227b67749fc0fb277ad06035c31746825d40817c75a256a972b618250f5
  io-console (0.8.2) sha256=d6e3ae7a7cc7574f4b8893b4fca2162e57a825b223a177b7afa236c5ef9814cc
  io-endpoint (0.17.2) sha256=3feaf766c116b35839c11fac68b6aaadc47887bb488902a57bf8e1d288fb3338
  io-event (1.14.2) sha256=b0a069190eafe86005c22f7464f744971b5bd82f153740d34e6ab49548d4f613
  io-stream (0.11.1) sha256=fa5f551fcff99581c1757b9d1cee2c37b124f07d2ca4f40b756a05ab9bd21b87
  json (2.18.1) sha256=fe112755501b8d0466b5ada6cf50c8c3f41e897fa128ac5d263ec09eedc9f986
  json-schema (5.1.0) sha256=c12729e346dce58ecc9be07301f4f247aeba1e3daae208e867278f3d27c64eb7
  json_schemer (2.5.0) sha256=2f01fb4cce721a4e08dd068fc2030cffd0702a7f333f1ea2be6e8991f00ae396
  kbs (0.2.0)
  logger (1.7.0) sha256=196edec7cc44b66cfb40f9755ce11b392f21f7967696af15d274dde7edff0203
  lumberjack (2.0.4) sha256=9a87a3a16800a66e0447c768ba4f76c05848b5cc32a4a11959c6fa419a42ff45
  marameters (5.1.0) sha256=6705114dae6cbbe72c586a7522eab9ec5131f565b52434381b787d52180f95e0
  marcel (1.1.0) sha256=fdcfcfa33cc52e93c4308d40e4090a5d4ea279e160a7f6af988260fa970e0bee
  matrix (0.4.3) sha256=a0d5ab7ddcc1973ff690ab361b67f359acbb16958d1dc072b8b956a286564c5b
  method_source (1.1.0) sha256=181301c9c45b731b4769bc81e8860e72f9161ad7d66dd99103c9ab84f560f5c5
  metrics (0.15.0) sha256=61ded5bac95118e995b1bc9ed4a5f19bc9814928a312a85b200abbdac9039072
  mime-types (3.7.0) sha256=dcebf61c246f08e15a4de34e386ebe8233791e868564a470c3fe77c00eed5e56
  mime-types-data (3.2026.0224) sha256=bea02e0168b37f6935696c4fcfeb3374a0a62e82e6187af5f3f3b709bf67e5fd
  minitest (6.0.2) sha256=db6e57956f6ecc6134683b4c87467d6dd792323c7f0eea7b93f66bd284adbc3d
  minitest-reporters (1.7.1) sha256=5060413a0c95b8c32fe73e0606f3631c173a884d7900e50013e15094eb50562c
  mize (0.6.1) sha256=4031558979ff5426fda24c75a149b4e4c0faf4cacf2fae8938f83866ab94b780
  mocha (3.0.2) sha256=3d8029531d8b71bff5ae07040758f77fdf578174189ffda1bef7749a59e92df8
  multipart-post (2.4.1) sha256=9872d03a8e552020ca096adadbf5e3cb1cd1cdd6acd3c161136b8a5737cdb4a8
  mutex_m (0.3.0) sha256=cfcb04ac16b69c4813777022fdceda24e9f798e48092a2b817eb4c0a782b0751
  myway_config (0.1.2) sha256=c91741ded05babc443fcf5d012741ded8a1a1998c40a689cb32af27940b66be3
  net-http (0.9.1) sha256=25ba0b67c63e89df626ed8fac771d0ad24ad151a858af2cc8e6a716ca4336996
  nio4r (2.7.5) sha256=6c90168e48fb5f8e768419c93abb94ba2b892a1d0602cb06eef16d8b7df1dca1
  oj (3.16.15) sha256=4d3324cac3e8fef54c0fa250b2af26a16dadd9f9788a1d6b1b2098b793a1b2cd
  onnxruntime (0.11.0-arm64-darwin) sha256=8c52766a9c9e8c6e19f788d58322923ecd456094bd56e117759757925c464ae5
  optparse (0.8.1) sha256=42bea10d53907ccff4f080a69991441d611fbf8733b60ed1ce9ee365ce03bd1a
  ostruct (0.6.3) sha256=95a2ed4a4bd1d190784e666b47b2d3f078e4a9efda2fccf18f84ddc6538ed912
  parser (3.3.10.2) sha256=6f60c84aa4bdcedb6d1a2434b738fe8a8136807b6adc8f7f53b97da9bc4e9357
  pastel (0.8.0) sha256=481da9fb7d2f6e6b1a08faf11fa10363172dc40fd47848f096ae21209f805a75
  prism (1.9.0) sha256=7b530c6a9f92c24300014919c9dcbc055bf4cdf51ec30aed099b06cd6674ef85
  prompt_manager (1.0.2) sha256=ec19631fc90d092df1d7d08aa3d523636f55a3725b90635afc1fae7d60609e31
  protocol-hpack (1.5.1) sha256=6feca238b8078da1cd295677d6f306c6001af92d75fe0643d33e6956cbc3ad91
  protocol-http (0.59.0) sha256=90e20ad817cb3ffe947d4fd6194fe0651f385625dcce055386d1c356ee32547b
  protocol-http1 (0.37.0) sha256=5bdd739e28792b341134596f6f5ab21a9d4b395f67bae69e153743eb0e69d123
  protocol-http2 (0.24.0) sha256=65327a019b7e36d2774e94050bf57a43bb60212775d2fcf02ae1d2ed4f01ef28
  protocol-rack (0.21.1) sha256=366ff16efbf4c2f8d2e3fad4e992effa2357610f70effbccfa2767d26fedc577
  protocol-url (0.4.0) sha256=64d4c03b6b51ad815ac6fdaf77a1d91e5baf9220d26becb846c5459dacdea9e1
  protocol-websocket (0.20.2) sha256=c41d93c35fba5dae85375c597f76975f3dbd75d8c5b2f21b33dab4dc22a5a511
  pry (0.16.0) sha256=d76c69065698ed1f85e717bd33d7942c38a50868f6b0673c636192b3d1b6054e
  public_suffix (7.0.2) sha256=9114090c8e4e7135c1fd0e7acfea33afaab38101884320c65aaa0ffb8e26a857
  puma (6.6.1) sha256=b9b56e4a4ea75d1bfa6d9e1972ee2c9f43d0883f011826d914e8e37b3694ea1e
  racc (1.8.1) sha256=4a7f6929691dbec8b5209a0b373bc2614882b55fc5d2e447a21aaa691303d62f
  rack (3.2.5) sha256=4cbd0974c0b79f7a139b4812004a62e4c60b145cba76422e288ee670601ed6d3
  rackup (2.3.1) sha256=6c79c26753778e90983761d677a48937ee3192b3ffef6bc963c0950f94688868
  rake (13.3.1) sha256=8c9e89d09f66a26a01264e7e3480ec0607f0c497a861ef16063604b1b08eb19c
  readline (0.0.4) sha256=6138eef17be2b98298b672c3ea63bf9cb5158d401324f26e1e84f235879c1d6a
  refinements (14.2.0) sha256=0d69befeb1bf118087584e7a111e763528e46961b22da0e404d71e4c8df5ca0f
  regexp_parser (2.11.3) sha256=ca13f381a173b7a93450e53459075c9b76a10433caadcb2f1180f2c741fc55a4
  reline (0.6.3) sha256=1198b04973565b36ec0f11542ab3f5cfeeec34823f4e54cebde90968092b1835
  rexml (3.4.4) sha256=19e0a2c3425dfbf2d4fc1189747bdb2f849b6c5e74180401b15734bc97b5d142
  robot_lab (0.0.9)
  ruby-next-core (1.2.0) sha256=f6a7d00bb5186cecbb02f7f1845a0f3a2c9788d35b6ccff5c9be3f0d46799b86
  ruby-progressbar (1.13.0) sha256=80fc9c47a9b640d6834e0dc7b3c94c9df37f08cb072b7761e4a71e22cff29b33
  ruby2_keywords (0.0.5) sha256=ffd13740c573b7301cf7a2e61fc857b2a8e3d3aff32545d6f8300d8bae10e3ef
  ruby_llm (1.12.1) sha256=154722483f2ab1c08d474eb696f56ed4ea046f8ac12fceb2c16a67f0a475c125
  ruby_llm-mcp (1.0.0) sha256=9ec242b233c065cbad64f4f0508b711c9d39b83a4fdd0b1d3fc9d70dc95d82dc
  ruby_llm-schema (0.3.0) sha256=a591edc5ca1b7f0304f0e2261de61ba4b3bea17be09f5cf7558153adfda3dec6
  ruby_llm-semantic_cache (0.1.0) sha256=ad285968cfaed88cd8f5b9fc50ae64af815f3d4d6d862aa96d01c64a5f669815
  runcom (13.1.0) sha256=58a4dd848408fa0fb342f4489c13074a8013ff0af74d0d04c16383a3d3f05ce5
  securerandom (0.4.1) sha256=cc5193d414a4341b6e225f0cb4446aceca8e50d5e1888743fac16987638ea0b1
  sequel (5.101.0) sha256=d2ae3fd997a7c4572e8357918e777869faf90dc19310fcd6332747122aed2b29
  shellwords (0.2.2) sha256=b8695a791de2f71472de5abdc3f4332f6535a4177f55d8f99e7e44266cd32f94
  simple_flow (0.3.0) sha256=f365506159d25625836db44d19484f7a337fdcd75aa06eae6d4d24c333ad618c
  simplecov (0.22.0) sha256=fe2622c7834ff23b98066bb0a854284b2729a569ac659f82621fc22ef36213a5
  simplecov-html (0.13.2) sha256=bd0b8e54e7c2d7685927e8d6286466359b6f16b18cb0df47b508e8d73c777246
  simplecov_json_formatter (0.1.4) sha256=529418fbe8de1713ac2b2d612aa3daa56d316975d307244399fa4838c601b428
  simplecov_lcov_formatter (0.9.0) sha256=4c1839bb31dcf7a8f7a6474c94ed228aa03b994e9dd5e1965e58b4121b049bed
  simpleidn (0.2.3) sha256=08ce96f03fa1605286be22651ba0fc9c0b2d6272c9b27a260bc88be05b0d2c29
  sod (2.1.0) sha256=768eac6dbd6675f33b54dfd9e9884bc51012497515af3ef5a1941232e06400c7
  spek (5.1.0) sha256=7f4ad0f6016ab0c60d50133bce14a4f59de3ea6b8b2b49e68e59e6130409237a
  sqlite3 (2.9.0-arm64-darwin) sha256=a917bd9b84285766ff3300b7d79cd583f5a067594c8c1263e6441618c04a6ed3
  strings (0.2.1) sha256=933293b3c95cf85b81eb44b3cf673e3087661ba739bbadfeadf442083158d6fb
  strings-ansi (0.2.0) sha256=90262d760ea4a94cc2ae8d58205277a343409c288cbe7c29416b1826bd511c88
  sync (0.5.0) sha256=668356cc07c59ac7ed9ecf34fec3929831f179c07adb1f3e1c3b7a1609a638fd
  term-ansicolor (1.11.3) sha256=8c01ec3abd095eb94dca8aed5a127d36e594239eb525eb306259c9e930534603
  terminal-table (4.0.0) sha256=f504793203f8251b2ea7c7068333053f0beeea26093ec9962e62ea79f94301d2
  thor (1.5.0) sha256=e3a9e55fe857e44859ce104a84675ab6e8cd59c650a49106a05f55f136425e73
  tins (1.52.0) sha256=d1dc69fb108a51a264a2f464fd48f4c32dd5de576c48b75e685b6b9ae29405a4
  tocer (20.1.0) sha256=ed7680a448fbf9be06f142cc104213e082752ff37df81e2f66510c035b69f3c4
  tokenizers (0.6.3-arm64-darwin) sha256=29a6a5582dce106d846a906ee9e4254c12db45a3855c3ff6881d4be8be03e6b6
  tone (3.1.0) sha256=2e2e77f4f43e77d05ae9160c5b16306502b3efc3da1e418c342051f3f4cb2995
  traces (0.18.2) sha256=80f1649cb4daace1d7174b81f3b3b7427af0b93047759ba349960cb8f315e214
  trak_flow (0.1.3) sha256=7c544a23e5faeee25008c5626b6a28c5d085ee9450b83748646043be29ae0a9d
  tty-color (0.6.0) sha256=6f9c37ca3a4e2367fb2e6d09722762647d6f455c111f05b59f35730eeb24332a
  tty-cursor (0.7.1) sha256=79534185e6a777888d88628b14b6a1fdf5154a603f285f80b1753e1908e0bf48
  tty-screen (0.8.2) sha256=c090652115beae764336c28802d633f204fb84da93c6a968aa5d8e319e819b50
  tty-spinner (0.9.3) sha256=0e036f047b4ffb61f2aa45f5a770ec00b4d04130531558a94bfc5b192b570542
  tty-table (0.12.0) sha256=fdc27a4750835c1a16efe19a0b857e3ced3652cc7aceafe6dca94908965b9939
  typed_bus (0.0.1) sha256=bf20463b4e0099349fd8931d7cf70f3c5fad7c6b657c566b40898637cde2038e
  tzinfo (2.0.6) sha256=8daf828cc77bcf7d63b0e3bdb6caa47e2272dcfaf4fbfe46f8c3a9df087a829b
  unicode-display_width (2.6.0) sha256=12279874bba6d5e4d2728cef814b19197dbb10d7a7837a869bab65da943b7f5a
  unicode_utils (1.4.0) sha256=b922d0cf2313b6b7136ada6645ce7154ffc86418ca07d53b058efe9eb72f2a40
  uri (1.1.1) sha256=379fa58d27ffb1387eaada68c749d1426738bd0f654d812fcc07e7568f5c57c6
  versionaire (15.1.0) sha256=10584edf130282016869dddb6167c221b979f1f7827d3764b14b08473d80e478
  webmock (3.26.1) sha256=4f696fb57c90a827c20aadb2d4f9058bbff10f7f043bd0d4c3f58791143b1cd7
  with_progress (1.0.1) sha256=15e3cbc95e0c9f9e4a2fe842c446e7e894383fefea67502079670f4c3df8f511
  word_wrapper (0.5.0) sha256=ca636087a979c541508737e2b1742c5763d0fd48168370d76e6fdc4be6f65d3a
  xdg (10.1.0) sha256=a7128ccbed0d80af663587ad1f6e04caee21d5dd5aa6c62e748e3e26d1e24d9c
  zeitwerk (2.7.5) sha256=d8da92128c09ea6ec62c949011b00ed4a20242b255293dd66bf41545398f73dd

BUNDLED WITH
  4.0.6
